{
  "_readme": [
    "This file locks the dependencies of your project to a known state",
    "Read more about it at https://getcomposer.org/doc/01-basic-usage.md#installing-dependencies",
    "This file is @generated automatically"
  ],
  "content-hash": "a68b42ac6f64b54f80ac1da10a980e11",
  "packages": [],
  "packages-dev": [],
  "aliases": [],
  "minimum-stability": "dev",
  "stability-flags": [],
  "prefer-stable": true,
  "prefer-lowest": false,
  "platform": {
    "php": "^8.0"
  },
  "platform-dev": [],
  "plugin-api-version": "2.3.0"
}
